
Microsoft Visual Studio Solution File, Format Version 12.00
# Visual Studio Version 17
VisualStudioVersion = 17.12.35527.113 d17.12
MinimumVisualStudioVersion = 10.0.40219.1
Project("{FAE04EC0-301F-11D3-BF4B-00C04F79EFBC}") = "Hadiyah", "Hadiyah\Hadiyah.csproj", "{3301E326-7046-4AED-8E20-44B6BEC7CF17}"
EndProject
Project("{FAE04EC0-301F-11D3-BF4B-00C04F79EFBC}") = "HadiyahServices", "Services\HadiyahServices.csproj", "{1D72FC06-FE9B-460E-A77F-D006DEE7E32D}"
EndProject
Project("{FAE04EC0-301F-11D3-BF4B-00C04F79EFBC}") = "HadiyahRepositories", "Repositories\HadiyahRepositories.csproj", "{1FEFE217-3FF3-41EC-A77B-E314165C8202}"
EndProject
Project("{FAE04EC0-301F-11D3-BF4B-00C04F79EFBC}") = "HadiyahDomain", "Domain\HadiyahDomain.csproj", "{5E6D53CE-EF35-46CB-A6EC-9A58DA0AA9DE}"
EndProject
Project("{FAE04EC0-301F-11D3-BF4B-00C04F79EFBC}") = "HadiyahMigrations", "HadiyahMigrations\HadiyahMigrations.csproj", "{29414B26-687D-460B-820C-69C289D37DA7}"
EndProject
Global
	GlobalSection(SolutionConfigurationPlatforms) = preSolution
		Debug|Any CPU = Debug|Any CPU
		Release|Any CPU = Release|Any CPU
	EndGlobalSection
	GlobalSection(ProjectConfigurationPlatforms) = postSolution
		{3301E326-7046-4AED-8E20-44B6BEC7CF17}.Debug|Any CPU.ActiveCfg = Debug|Any CPU
		{3301E326-7046-4AED-8E20-44B6BEC7CF17}.Debug|Any CPU.Build.0 = Debug|Any CPU
		{3301E326-7046-4AED-8E20-44B6BEC7CF17}.Release|Any CPU.ActiveCfg = Release|Any CPU
		{3301E326-7046-4AED-8E20-44B6BEC7CF17}.Release|Any CPU.Build.0 = Release|Any CPU
		{1D72FC06-FE9B-460E-A77F-D006DEE7E32D}.Debug|Any CPU.ActiveCfg = Debug|Any CPU
		{1D72FC06-FE9B-460E-A77F-D006DEE7E32D}.Debug|Any CPU.Build.0 = Debug|Any CPU
		{1D72FC06-FE9B-460E-A77F-D006DEE7E32D}.Release|Any CPU.ActiveCfg = Release|Any CPU
		{1D72FC06-FE9B-460E-A77F-D006DEE7E32D}.Release|Any CPU.Build.0 = Release|Any CPU
		{1FEFE217-3FF3-41EC-A77B-E314165C8202}.Debug|Any CPU.ActiveCfg = Debug|Any CPU
		{1FEFE217-3FF3-41EC-A77B-E314165C8202}.Debug|Any CPU.Build.0 = Debug|Any CPU
		{1FEFE217-3FF3-41EC-A77B-E314165C8202}.Release|Any CPU.ActiveCfg = Release|Any CPU
		{1FEFE217-3FF3-41EC-A77B-E314165C8202}.Release|Any CPU.Build.0 = Release|Any CPU
		{5E6D53CE-EF35-46CB-A6EC-9A58DA0AA9DE}.Debug|Any CPU.ActiveCfg = Debug|Any CPU
		{5E6D53CE-EF35-46CB-A6EC-9A58DA0AA9DE}.Debug|Any CPU.Build.0 = Debug|Any CPU
		{5E6D53CE-EF35-46CB-A6EC-9A58DA0AA9DE}.Release|Any CPU.ActiveCfg = Release|Any CPU
		{5E6D53CE-EF35-46CB-A6EC-9A58DA0AA9DE}.Release|Any CPU.Build.0 = Release|Any CPU
		{29414B26-687D-460B-820C-69C289D37DA7}.Debug|Any CPU.ActiveCfg = Debug|Any CPU
		{29414B26-687D-460B-820C-69C289D37DA7}.Debug|Any CPU.Build.0 = Debug|Any CPU
		{29414B26-687D-460B-820C-69C289D37DA7}.Release|Any CPU.ActiveCfg = Release|Any CPU
		{29414B26-687D-460B-820C-69C289D37DA7}.Release|Any CPU.Build.0 = Release|Any CPU
	EndGlobalSection
	GlobalSection(SolutionProperties) = preSolution
		HideSolutionNode = FALSE
	EndGlobalSection
EndGlobal
